
Microsoft Visual Studio Solution File, Format Version 12.00
# Visual Studio Version 17
VisualStudioVersion = 17.5.2.0
MinimumVisualStudioVersion = 10.0.40219.1
Project("{9A19103F-16F7-4668-BE54-9A1E7A4F7556}") = "WIMS.Api", "WIMS.Api\WIMS.Api.csproj", "{81667A3A-E993-41A0-8B5A-41A2B4E96BA2}"
EndProject
Project("{9A19103F-16F7-4668-BE54-9A1E7A4F7556}") = "WIMS.Application", "WIMS.Application\WIMS.Application.csproj", "{3BC4270C-005F-4DFA-9A87-7285AB6C6983}"
EndProject
Project("{9A19103F-16F7-4668-BE54-9A1E7A4F7556}") = "WIMS.Domain", "WIMS.Domain\WIMS.Domain.csproj", "{159E3F17-6C89-4DE9-8BE0-16EE18DED75B}"
EndProject
Project("{9A19103F-16F7-4668-BE54-9A1E7A4F7556}") = "WIMS.Infrastructure", "WIMS.Infrastructure\WIMS.Infrastructure.csproj", "{58884E04-C0FE-45D8-923E-F8751CB91D17}"
EndProject
Project("{FAE04EC0-301F-11D3-BF4B-00C04F79EFBC}") = "WIMS.Tests", "WIMS.Tests\WIMS.Tests.csproj", "{EC84F6C8-D183-491A-B0F7-4BA88C7A24B9}"
EndProject
Global
	GlobalSection(SolutionConfigurationPlatforms) = preSolution
		Debug|Any CPU = Debug|Any CPU
		Debug|x64 = Debug|x64
		Debug|x86 = Debug|x86
		Release|Any CPU = Release|Any CPU
		Release|x64 = Release|x64
		Release|x86 = Release|x86
	EndGlobalSection
	GlobalSection(ProjectConfigurationPlatforms) = postSolution
		{81667A3A-E993-41A0-8B5A-41A2B4E96BA2}.Debug|Any CPU.ActiveCfg = Debug|Any CPU
		{81667A3A-E993-41A0-8B5A-41A2B4E96BA2}.Debug|Any CPU.Build.0 = Debug|Any CPU
		{81667A3A-E993-41A0-8B5A-41A2B4E96BA2}.Debug|x64.ActiveCfg = Debug|Any CPU
		{81667A3A-E993-41A0-8B5A-41A2B4E96BA2}.Debug|x64.Build.0 = Debug|Any CPU
		{81667A3A-E993-41A0-8B5A-41A2B4E96BA2}.Debug|x86.ActiveCfg = Debug|Any CPU
		{81667A3A-E993-41A0-8B5A-41A2B4E96BA2}.Debug|x86.Build.0 = Debug|Any CPU
		{81667A3A-E993-41A0-8B5A-41A2B4E96BA2}.Release|Any CPU.ActiveCfg = Release|Any CPU
		{81667A3A-E993-41A0-8B5A-41A2B4E96BA2}.Release|Any CPU.Build.0 = Release|Any CPU
		{81667A3A-E993-41A0-8B5A-41A2B4E96BA2}.Release|x64.ActiveCfg = Release|Any CPU
		{81667A3A-E993-41A0-8B5A-41A2B4E96BA2}.Release|x64.Build.0 = Release|Any CPU
		{81667A3A-E993-41A0-8B5A-41A2B4E96BA2}.Release|x86.ActiveCfg = Release|Any CPU
		{81667A3A-E993-41A0-8B5A-41A2B4E96BA2}.Release|x86.Build.0 = Release|Any CPU
		{3BC4270C-005F-4DFA-9A87-7285AB6C6983}.Debug|Any CPU.ActiveCfg = Debug|Any CPU
		{3BC4270C-005F-4DFA-9A87-7285AB6C6983}.Debug|Any CPU.Build.0 = Debug|Any CPU
		{3BC4270C-005F-4DFA-9A87-7285AB6C6983}.Debug|x64.ActiveCfg = Debug|Any CPU
		{3BC4270C-005F-4DFA-9A87-7285AB6C6983}.Debug|x64.Build.0 = Debug|Any CPU
		{3BC4270C-005F-4DFA-9A87-7285AB6C6983}.Debug|x86.ActiveCfg = Debug|Any CPU
		{3BC4270C-005F-4DFA-9A87-7285AB6C6983}.Debug|x86.Build.0 = Debug|Any CPU
		{3BC4270C-005F-4DFA-9A87-7285AB6C6983}.Release|Any CPU.ActiveCfg = Release|Any CPU
		{3BC4270C-005F-4DFA-9A87-7285AB6C6983}.Release|Any CPU.Build.0 = Release|Any CPU
		{3BC4270C-005F-4DFA-9A87-7285AB6C6983}.Release|x64.ActiveCfg = Release|Any CPU
		{3BC4270C-005F-4DFA-9A87-7285AB6C6983}.Release|x64.Build.0 = Release|Any CPU
		{3BC4270C-005F-4DFA-9A87-7285AB6C6983}.Release|x86.ActiveCfg = Release|Any CPU
		{3BC4270C-005F-4DFA-9A87-7285AB6C6983}.Release|x86.Build.0 = Release|Any CPU
		{159E3F17-6C89-4DE9-8BE0-16EE18DED75B}.Debug|Any CPU.ActiveCfg = Debug|Any CPU
		{159E3F17-6C89-4DE9-8BE0-16EE18DED75B}.Debug|Any CPU.Build.0 = Debug|Any CPU
		{159E3F17-6C89-4DE9-8BE0-16EE18DED75B}.Debug|x64.ActiveCfg = Debug|Any CPU
		{159E3F17-6C89-4DE9-8BE0-16EE18DED75B}.Debug|x64.Build.0 = Debug|Any CPU
		{159E3F17-6C89-4DE9-8BE0-16EE18DED75B}.Debug|x86.ActiveCfg = Debug|Any CPU
		{159E3F17-6C89-4DE9-8BE0-16EE18DED75B}.Debug|x86.Build.0 = Debug|Any CPU
		{159E3F17-6C89-4DE9-8BE0-16EE18DED75B}.Release|Any CPU.ActiveCfg = Release|Any CPU
		{159E3F17-6C89-4DE9-8BE0-16EE18DED75B}.Release|Any CPU.Build.0 = Release|Any CPU
		{159E3F17-6C89-4DE9-8BE0-16EE18DED75B}.Release|x64.ActiveCfg = Release|Any CPU
		{159E3F17-6C89-4DE9-8BE0-16EE18DED75B}.Release|x64.Build.0 = Release|Any CPU
		{159E3F17-6C89-4DE9-8BE0-16EE18DED75B}.Release|x86.ActiveCfg = Release|Any CPU
		{159E3F17-6C89-4DE9-8BE0-16EE18DED75B}.Release|x86.Build.0 = Release|Any CPU
		{58884E04-C0FE-45D8-923E-F8751CB91D17}.Debug|Any CPU.ActiveCfg = Debug|Any CPU
		{58884E04-C0FE-45D8-923E-F8751CB91D17}.Debug|Any CPU.Build.0 = Debug|Any CPU
		{58884E04-C0FE-45D8-923E-F8751CB91D17}.Debug|x64.ActiveCfg = Debug|Any CPU
		{58884E04-C0FE-45D8-923E-F8751CB91D17}.Debug|x64.Build.0 = Debug|Any CPU
		{58884E04-C0FE-45D8-923E-F8751CB91D17}.Debug|x86.ActiveCfg = Debug|Any CPU
		{58884E04-C0FE-45D8-923E-F8751CB91D17}.Debug|x86.Build.0 = Debug|Any CPU
		{58884E04-C0FE-45D8-923E-F8751CB91D17}.Release|Any CPU.ActiveCfg = Release|Any CPU
		{58884E04-C0FE-45D8-923E-F8751CB91D17}.Release|Any CPU.Build.0 = Release|Any CPU
		{58884E04-C0FE-45D8-923E-F8751CB91D17}.Release|x64.ActiveCfg = Release|Any CPU
		{58884E04-C0FE-45D8-923E-F8751CB91D17}.Release|x64.Build.0 = Release|Any CPU
		{58884E04-C0FE-45D8-923E-F8751CB91D17}.Release|x86.ActiveCfg = Release|Any CPU
		{58884E04-C0FE-45D8-923E-F8751CB91D17}.Release|x86.Build.0 = Release|Any CPU
		{EC84F6C8-D183-491A-B0F7-4BA88C7A24B9}.Debug|Any CPU.ActiveCfg = Debug|Any CPU
		{EC84F6C8-D183-491A-B0F7-4BA88C7A24B9}.Debug|Any CPU.Build.0 = Debug|Any CPU
		{EC84F6C8-D183-491A-B0F7-4BA88C7A24B9}.Debug|x64.ActiveCfg = Debug|Any CPU
		{EC84F6C8-D183-491A-B0F7-4BA88C7A24B9}.Debug|x64.Build.0 = Debug|Any CPU
		{EC84F6C8-D183-491A-B0F7-4BA88C7A24B9}.Debug|x86.ActiveCfg = Debug|Any CPU
		{EC84F6C8-D183-491A-B0F7-4BA88C7A24B9}.Debug|x86.Build.0 = Debug|Any CPU
		{EC84F6C8-D183-491A-B0F7-4BA88C7A24B9}.Release|Any CPU.ActiveCfg = Release|Any CPU
		{EC84F6C8-D183-491A-B0F7-4BA88C7A24B9}.Release|Any CPU.Build.0 = Release|Any CPU
		{EC84F6C8-D183-491A-B0F7-4BA88C7A24B9}.Release|x64.ActiveCfg = Release|Any CPU
		{EC84F6C8-D183-491A-B0F7-4BA88C7A24B9}.Release|x64.Build.0 = Release|Any CPU
		{EC84F6C8-D183-491A-B0F7-4BA88C7A24B9}.Release|x86.ActiveCfg = Release|Any CPU
		{EC84F6C8-D183-491A-B0F7-4BA88C7A24B9}.Release|x86.Build.0 = Release|Any CPU
	EndGlobalSection
	GlobalSection(SolutionProperties) = preSolution
		HideSolutionNode = FALSE
	EndGlobalSection
	GlobalSection(ExtensibilityGlobals) = postSolution
		SolutionGuid = {8D5C689E-2EED-4B24-A622-62E4036797CC}
	EndGlobalSection
EndGlobal
